
Microsoft Visual Studio Solution File, Format Version 12.00
# Visual Studio 15
VisualStudioVersion = 15.0.27130.2027
MinimumVisualStudioVersion = 10.0.40219.1
Project("{FAE04EC0-301F-11D3-BF4B-00C04F79EFBC}") = "RabbitMQ.Async", "RabbitMQ.Async\RabbitMQ.Async.csproj", "{5CC76BC8-1605-4CC1-A2A7-4EBB7EBB767A}"
EndProject
Project("{FAE04EC0-301F-11D3-BF4B-00C04F79EFBC}") = "RabbitMQ.Async.Tests", "RabbitMQ.Async.Tests\RabbitMQ.Async.Tests.csproj", "{3446856E-F1FC-4320-BCB4-0E0E4CD6E6F8}"
EndProject
Global
	GlobalSection(SolutionConfigurationPlatforms) = preSolution
		Debug|Any CPU = Debug|Any CPU
		Release|Any CPU = Release|Any CPU
	EndGlobalSection
	GlobalSection(ProjectConfigurationPlatforms) = postSolution
		{5CC76BC8-1605-4CC1-A2A7-4EBB7EBB767A}.Debug|Any CPU.ActiveCfg = Debug|Any CPU
		{5CC76BC8-1605-4CC1-A2A7-4EBB7EBB767A}.Debug|Any CPU.Build.0 = Debug|Any CPU
		{5CC76BC8-1605-4CC1-A2A7-4EBB7EBB767A}.Release|Any CPU.ActiveCfg = Release|Any CPU
		{5CC76BC8-1605-4CC1-A2A7-4EBB7EBB767A}.Release|Any CPU.Build.0 = Release|Any CPU
		{3446856E-F1FC-4320-BCB4-0E0E4CD6E6F8}.Debug|Any CPU.ActiveCfg = Debug|Any CPU
		{3446856E-F1FC-4320-BCB4-0E0E4CD6E6F8}.Debug|Any CPU.Build.0 = Debug|Any CPU
		{3446856E-F1FC-4320-BCB4-0E0E4CD6E6F8}.Release|Any CPU.ActiveCfg = Release|Any CPU
		{3446856E-F1FC-4320-BCB4-0E0E4CD6E6F8}.Release|Any CPU.Build.0 = Release|Any CPU
	EndGlobalSection
	GlobalSection(SolutionProperties) = preSolution
		HideSolutionNode = FALSE
	EndGlobalSection
	GlobalSection(ExtensibilityGlobals) = postSolution
		SolutionGuid = {810E6154-D131-49DC-9B2F-E60251730324}
	EndGlobalSection
EndGlobal
